
Microsoft Visual Studio Solution File, Format Version 12.00
Project("{FAE04EC0-301F-11D3-BF4B-00C04F79EFBC}") = "AlgoDataStructures", "AlgoDataStructures\AlgoDataStructures.csproj", "{1564AC38-E3B1-49F9-A25B-6583C4C95677}"
EndProject
Project("{FAE04EC0-301F-11D3-BF4B-00C04F79EFBC}") = "NunitTests", "NunitTests\NunitTests.csproj", "{B4E769FA-4332-4C00-B0B8-942E83DDC1B5}"
EndProject
Global
	GlobalSection(SolutionConfigurationPlatforms) = preSolution
		Debug|Any CPU = Debug|Any CPU
		Release|Any CPU = Release|Any CPU
	EndGlobalSection
	GlobalSection(ProjectConfigurationPlatforms) = postSolution
		{1564AC38-E3B1-49F9-A25B-6583C4C95677}.Debug|Any CPU.ActiveCfg = Debug|Any CPU
		{1564AC38-E3B1-49F9-A25B-6583C4C95677}.Debug|Any CPU.Build.0 = Debug|Any CPU
		{1564AC38-E3B1-49F9-A25B-6583C4C95677}.Release|Any CPU.ActiveCfg = Release|Any CPU
		{1564AC38-E3B1-49F9-A25B-6583C4C95677}.Release|Any CPU.Build.0 = Release|Any CPU
		{B4E769FA-4332-4C00-B0B8-942E83DDC1B5}.Debug|Any CPU.ActiveCfg = Debug|Any CPU
		{B4E769FA-4332-4C00-B0B8-942E83DDC1B5}.Debug|Any CPU.Build.0 = Debug|Any CPU
		{B4E769FA-4332-4C00-B0B8-942E83DDC1B5}.Release|Any CPU.ActiveCfg = Release|Any CPU
		{B4E769FA-4332-4C00-B0B8-942E83DDC1B5}.Release|Any CPU.Build.0 = Release|Any CPU
	EndGlobalSection
EndGlobal
